
Microsoft Visual Studio Solution File, Format Version 12.00
Project("{FAE04EC0-301F-11D3-BF4B-00C04F79EFBC}") = "WorkflowServer.CallbackApi", "WorkflowServer.CallbackApi\WorkflowServer.CallbackApi.csproj", "{761E7062-16D0-434E-BE45-03E7AD8D002E}"
EndProject
Global
	GlobalSection(SolutionConfigurationPlatforms) = preSolution
		Debug|Any CPU = Debug|Any CPU
		Release|Any CPU = Release|Any CPU
	EndGlobalSection
	GlobalSection(ProjectConfigurationPlatforms) = postSolution
		{761E7062-16D0-434E-BE45-03E7AD8D002E}.Debug|Any CPU.ActiveCfg = Debug|Any CPU
		{761E7062-16D0-434E-BE45-03E7AD8D002E}.Debug|Any CPU.Build.0 = Debug|Any CPU
		{761E7062-16D0-434E-BE45-03E7AD8D002E}.Release|Any CPU.ActiveCfg = Release|Any CPU
		{761E7062-16D0-434E-BE45-03E7AD8D002E}.Release|Any CPU.Build.0 = Release|Any CPU
	EndGlobalSection
EndGlobal
